// !$*UTF8*$!
{
	archiveVersion = 1;
	classes = {
	};
	objectVersion = 46;
	objects = {

/* Begin PBXBuildFile section */
		50A4D25B17D5BF7C00D86C24 /* LeftBarBtnJViewController.m in Sources */ = {isa = PBXBuildFile; fileRef = 50A4D25A17D5BF7C00D86C24 /* LeftBarBtnJViewController.m */; };
		50A4D26017D5D69700D86C24 /* UIImage+ConvertRGBToGreyScale.m in Sources */ = {isa = PBXBuildFile; fileRef = 50A4D25D17D5D69700D86C24 /* UIImage+ConvertRGBToGreyScale.m */; };
		50A4D26117D5D69700D86C24 /* UIImage+ReSizeMethods.m in Sources */ = {isa = PBXBuildFile; fileRef = 50A4D25F17D5D69700D86C24 /* UIImage+ReSizeMethods.m */; };
		50A4D26817D5D74200D86C24 /* MBProgressHUD.m in Sources */ = {isa = PBXBuildFile; fileRef = 50A4D26517D5D74200D86C24 /* MBProgressHUD.m */; };
		50A4D26917D5D74200D86C24 /* MBProgressHUDManager.m in Sources */ = {isa = PBXBuildFile; fileRef = 50A4D26717D5D74200D86C24 /* MBProgressHUDManager.m */; };
		50A4D27117D5DC2A00D86C24 /* RIButtonItem.m in Sources */ = {isa = PBXBuildFile; fileRef = 50A4D26C17D5DC2A00D86C24 /* RIButtonItem.m */; };
		50A4D27217D5DC2A00D86C24 /* UIActionSheet+Blocks.m in Sources */ = {isa = PBXBuildFile; fileRef = 50A4D26E17D5DC2A00D86C24 /* UIActionSheet+Blocks.m */; };
		50A4D27317D5DC2A00D86C24 /* UIAlertView+Blocks.m in Sources */ = {isa = PBXBuildFile; fileRef = 50A4D27017D5DC2A00D86C24 /* UIAlertView+Blocks.m */; };
		50B1CA8417D42C3500F580C4 /* btn.png in Resources */ = {isa = PBXBuildFile; fileRef = 50B1CA8217D42C3500F580C4 /* btn.png */; };
		50B1CA8517D42C3500F580C4 /* btn@2x.png in Resources */ = {isa = PBXBuildFile; fileRef = 50B1CA8317D42C3500F580C4 /* btn@2x.png */; };
		50B1CA9C17D443CA00F580C4 /* UINavigationBar+Background.m in Sources */ = {isa = PBXBuildFile; fileRef = 50B1CA9A17D443CA00F580C4 /* UINavigationBar+Background.m */; };
		50B1CAA217D4441B00F580C4 /* UIPlaceHolderTextField.m in Sources */ = {isa = PBXBuildFile; fileRef = 50B1CA9F17D4441B00F580C4 /* UIPlaceHolderTextField.m */; };
		50B1CAA317D4441B00F580C4 /* UIPlaceHolderTextView.m in Sources */ = {isa = PBXBuildFile; fileRef = 50B1CAA117D4441B00F580C4 /* UIPlaceHolderTextView.m */; };
		50B1CAF317D480CB00F580C4 /* default_image.png in Resources */ = {isa = PBXBuildFile; fileRef = 50B1CAF217D480CB00F580C4 /* default_image.png */; };
		50B1CAF617D4885B00F580C4 /* RightBarBtnJViewController.m in Sources */ = {isa = PBXBuildFile; fileRef = 50B1CAF517D4885B00F580C4 /* RightBarBtnJViewController.m */; };
		50BFC9B717D06B0300B77501 /* UIKit.framework in Frameworks */ = {isa = PBXBuildFile; fileRef = 50BFC9B617D06B0300B77501 /* UIKit.framework */; };
		50BFC9B917D06B0300B77501 /* Foundation.framework in Frameworks */ = {isa = PBXBuildFile; fileRef = 50BFC9B817D06B0300B77501 /* Foundation.framework */; };
		50BFC9BB17D06B0300B77501 /* CoreGraphics.framework in Frameworks */ = {isa = PBXBuildFile; fileRef = 50BFC9BA17D06B0300B77501 /* CoreGraphics.framework */; };
		50BFC9C117D06B0300B77501 /* InfoPlist.strings in Resources */ = {isa = PBXBuildFile; fileRef = 50BFC9BF17D06B0300B77501 /* InfoPlist.strings */; };
		50BFC9C317D06B0300B77501 /* main.m in Sources */ = {isa = PBXBuildFile; fileRef = 50BFC9C217D06B0300B77501 /* main.m */; };
		50BFC9C717D06B0300B77501 /* AppDelegate.m in Sources */ = {isa = PBXBuildFile; fileRef = 50BFC9C617D06B0300B77501 /* AppDelegate.m */; };
		50BFC9C917D06B0300B77501 /* Default.png in Resources */ = {isa = PBXBuildFile; fileRef = 50BFC9C817D06B0300B77501 /* Default.png */; };
		50BFC9CB17D06B0300B77501 /* Default@2x.png in Resources */ = {isa = PBXBuildFile; fileRef = 50BFC9CA17D06B0300B77501 /* Default@2x.png */; };
		50BFC9CD17D06B0300B77501 /* Default-568h@2x.png in Resources */ = {isa = PBXBuildFile; fileRef = 50BFC9CC17D06B0300B77501 /* Default-568h@2x.png */; };
		50BFC9D017D06B0300B77501 /* IndexJViewController.m in Sources */ = {isa = PBXBuildFile; fileRef = 50BFC9CF17D06B0300B77501 /* IndexJViewController.m */; };
/* End PBXBuildFile section */

/* Begin PBXFileReference section */
		50A4D25917D5BF7C00D86C24 /* LeftBarBtnJViewController.h */ = {isa = PBXFileReference; fileEncoding = 4; lastKnownFileType = sourcecode.c.h; path = LeftBarBtnJViewController.h; sourceTree = "<group>"; };
		50A4D25A17D5BF7C00D86C24 /* LeftBarBtnJViewController.m */ = {isa = PBXFileReference; fileEncoding = 4; lastKnownFileType = sourcecode.c.objc; path = LeftBarBtnJViewController.m; sourceTree = "<group>"; };
		50A4D25C17D5D69700D86C24 /* UIImage+ConvertRGBToGreyScale.h */ = {isa = PBXFileReference; fileEncoding = 4; lastKnownFileType = sourcecode.c.h; path = "UIImage+ConvertRGBToGreyScale.h"; sourceTree = "<group>"; };
		50A4D25D17D5D69700D86C24 /* UIImage+ConvertRGBToGreyScale.m */ = {isa = PBXFileReference; fileEncoding = 4; lastKnownFileType = sourcecode.c.objc; path = "UIImage+ConvertRGBToGreyScale.m"; sourceTree = "<group>"; };
		50A4D25E17D5D69700D86C24 /* UIImage+ReSizeMethods.h */ = {isa = PBXFileReference; fileEncoding = 4; lastKnownFileType = sourcecode.c.h; path = "UIImage+ReSizeMethods.h"; sourceTree = "<group>"; };
		50A4D25F17D5D69700D86C24 /* UIImage+ReSizeMethods.m */ = {isa = PBXFileReference; fileEncoding = 4; lastKnownFileType = sourcecode.c.objc; path = "UIImage+ReSizeMethods.m"; sourceTree = "<group>"; };
		50A4D26417D5D74200D86C24 /* MBProgressHUD.h */ = {isa = PBXFileReference; fileEncoding = 4; lastKnownFileType = sourcecode.c.h; path = MBProgressHUD.h; sourceTree = "<group>"; };
		50A4D26517D5D74200D86C24 /* MBProgressHUD.m */ = {isa = PBXFileReference; fileEncoding = 4; lastKnownFileType = sourcecode.c.objc; path = MBProgressHUD.m; sourceTree = "<group>"; };
		50A4D26617D5D74200D86C24 /* MBProgressHUDManager.h */ = {isa = PBXFileReference; fileEncoding = 4; lastKnownFileType = sourcecode.c.h; path = MBProgressHUDManager.h; sourceTree = "<group>"; };
		50A4D26717D5D74200D86C24 /* MBProgressHUDManager.m */ = {isa = PBXFileReference; fileEncoding = 4; lastKnownFileType = sourcecode.c.objc; path = MBProgressHUDManager.m; sourceTree = "<group>"; };
		50A4D26B17D5DC2A00D86C24 /* RIButtonItem.h */ = {isa = PBXFileReference; fileEncoding = 4; lastKnownFileType = sourcecode.c.h; path = RIButtonItem.h; sourceTree = "<group>"; };
		50A4D26C17D5DC2A00D86C24 /* RIButtonItem.m */ = {isa = PBXFileReference; fileEncoding = 4; lastKnownFileType = sourcecode.c.objc; path = RIButtonItem.m; sourceTree = "<group>"; };
		50A4D26D17D5DC2A00D86C24 /* UIActionSheet+Blocks.h */ = {isa = PBXFileReference; fileEncoding = 4; lastKnownFileType = sourcecode.c.h; path = "UIActionSheet+Blocks.h"; sourceTree = "<group>"; };
		50A4D26E17D5DC2A00D86C24 /* UIActionSheet+Blocks.m */ = {isa = PBXFileReference; fileEncoding = 4; lastKnownFileType = sourcecode.c.objc; path = "UIActionSheet+Blocks.m"; sourceTree = "<group>"; };
		50A4D26F17D5DC2A00D86C24 /* UIAlertView+Blocks.h */ = {isa = PBXFileReference; fileEncoding = 4; lastKnownFileType = sourcecode.c.h; path = "UIAlertView+Blocks.h"; sourceTree = "<group>"; };
		50A4D27017D5DC2A00D86C24 /* UIAlertView+Blocks.m */ = {isa = PBXFileReference; fileEncoding = 4; lastKnownFileType = sourcecode.c.objc; path = "UIAlertView+Blocks.m"; sourceTree = "<group>"; };
		50B1CA8217D42C3500F580C4 /* btn.png */ = {isa = PBXFileReference; lastKnownFileType = image.png; path = btn.png; sourceTree = "<group>"; };
		50B1CA8317D42C3500F580C4 /* btn@2x.png */ = {isa = PBXFileReference; lastKnownFileType = image.png; path = "btn@2x.png"; sourceTree = "<group>"; };
		50B1CA9117D43F9E00F580C4 /* AppConstants.h */ = {isa = PBXFileReference; fileEncoding = 4; lastKnownFileType = sourcecode.c.h; path = AppConstants.h; sourceTree = "<group>"; };
		50B1CA9217D43F9E00F580C4 /* AppImport.h */ = {isa = PBXFileReference; fileEncoding = 4; lastKnownFileType = sourcecode.c.h; path = AppImport.h; sourceTree = "<group>"; };
		50B1CA9317D443AC00F580C4 /* ACMacros.h */ = {isa = PBXFileReference; fileEncoding = 4; lastKnownFileType = sourcecode.c.h; path = ACMacros.h; sourceTree = "<group>"; };
		50B1CA9917D443CA00F580C4 /* UINavigationBar+Background.h */ = {isa = PBXFileReference; fileEncoding = 4; lastKnownFileType = sourcecode.c.h; path = "UINavigationBar+Background.h"; sourceTree = "<group>"; };
		50B1CA9A17D443CA00F580C4 /* UINavigationBar+Background.m */ = {isa = PBXFileReference; fileEncoding = 4; lastKnownFileType = sourcecode.c.objc; path = "UINavigationBar+Background.m"; sourceTree = "<group>"; };
		50B1CA9E17D4441B00F580C4 /* UIPlaceHolderTextField.h */ = {isa = PBXFileReference; fileEncoding = 4; lastKnownFileType = sourcecode.c.h; path = UIPlaceHolderTextField.h; sourceTree = "<group>"; };
		50B1CA9F17D4441B00F580C4 /* UIPlaceHolderTextField.m */ = {isa = PBXFileReference; fileEncoding = 4; lastKnownFileType = sourcecode.c.objc; path = UIPlaceHolderTextField.m; sourceTree = "<group>"; };
		50B1CAA017D4441B00F580C4 /* UIPlaceHolderTextView.h */ = {isa = PBXFileReference; fileEncoding = 4; lastKnownFileType = sourcecode.c.h; path = UIPlaceHolderTextView.h; sourceTree = "<group>"; };
		50B1CAA117D4441B00F580C4 /* UIPlaceHolderTextView.m */ = {isa = PBXFileReference; fileEncoding = 4; lastKnownFileType = sourcecode.c.objc; path = UIPlaceHolderTextView.m; sourceTree = "<group>"; };
		50B1CAF217D480CB00F580C4 /* default_image.png */ = {isa = PBXFileReference; lastKnownFileType = image.png; path = default_image.png; sourceTree = "<group>"; };
		50B1CAF417D4885B00F580C4 /* RightBarBtnJViewController.h */ = {isa = PBXFileReference; fileEncoding = 4; lastKnownFileType = sourcecode.c.h; path = RightBarBtnJViewController.h; sourceTree = "<group>"; };
		50B1CAF517D4885B00F580C4 /* RightBarBtnJViewController.m */ = {isa = PBXFileReference; fileEncoding = 4; lastKnownFileType = sourcecode.c.objc; path = RightBarBtnJViewController.m; sourceTree = "<group>"; };
		50BFC9B317D06B0300B77501 /* TestNavBar.app */ = {isa = PBXFileReference; explicitFileType = wrapper.application; includeInIndex = 0; path = TestNavBar.app; sourceTree = BUILT_PRODUCTS_DIR; };
		50BFC9B617D06B0300B77501 /* UIKit.framework */ = {isa = PBXFileReference; lastKnownFileType = wrapper.framework; name = UIKit.framework; path = System/Library/Frameworks/UIKit.framework; sourceTree = SDKROOT; };
		50BFC9B817D06B0300B77501 /* Foundation.framework */ = {isa = PBXFileReference; lastKnownFileType = wrapper.framework; name = Foundation.framework; path = System/Library/Frameworks/Foundation.framework; sourceTree = SDKROOT; };
		50BFC9BA17D06B0300B77501 /* CoreGraphics.framework */ = {isa = PBXFileReference; lastKnownFileType = wrapper.framework; name = CoreGraphics.framework; path = System/Library/Frameworks/CoreGraphics.framework; sourceTree = SDKROOT; };
		50BFC9BE17D06B0300B77501 /* TestNavBar-Info.plist */ = {isa = PBXFileReference; lastKnownFileType = text.plist.xml; path = "TestNavBar-Info.plist"; sourceTree = "<group>"; };
		50BFC9C017D06B0300B77501 /* en */ = {isa = PBXFileReference; lastKnownFileType = text.plist.strings; name = en; path = en.lproj/InfoPlist.strings; sourceTree = "<group>"; };
		50BFC9C217D06B0300B77501 /* main.m */ = {isa = PBXFileReference; lastKnownFileType = sourcecode.c.objc; path = main.m; sourceTree = "<group>"; };
		50BFC9C417D06B0300B77501 /* TestNavBar-Prefix.pch */ = {isa = PBXFileReference; lastKnownFileType = sourcecode.c.h; path = "TestNavBar-Prefix.pch"; sourceTree = "<group>"; };
		50BFC9C517D06B0300B77501 /* AppDelegate.h */ = {isa = PBXFileReference; lastKnownFileType = sourcecode.c.h; path = AppDelegate.h; sourceTree = "<group>"; };
		50BFC9C617D06B0300B77501 /* AppDelegate.m */ = {isa = PBXFileReference; lastKnownFileType = sourcecode.c.objc; path = AppDelegate.m; sourceTree = "<group>"; };
		50BFC9C817D06B0300B77501 /* Default.png */ = {isa = PBXFileReference; lastKnownFileType = image.png; path = Default.png; sourceTree = "<group>"; };
		50BFC9CA17D06B0300B77501 /* Default@2x.png */ = {isa = PBXFileReference; lastKnownFileType = image.png; path = "Default@2x.png"; sourceTree = "<group>"; };
		50BFC9CC17D06B0300B77501 /* Default-568h@2x.png */ = {isa = PBXFileReference; lastKnownFileType = image.png; path = "Default-568h@2x.png"; sourceTree = "<group>"; };
		50BFC9CE17D06B0300B77501 /* IndexJViewController.h */ = {isa = PBXFileReference; lastKnownFileType = sourcecode.c.h; path = IndexJViewController.h; sourceTree = "<group>"; };
		50BFC9CF17D06B0300B77501 /* IndexJViewController.m */ = {isa = PBXFileReference; lastKnownFileType = sourcecode.c.objc; path = IndexJViewController.m; sourceTree = "<group>"; };
/* End PBXFileReference section */

/* Begin PBXFrameworksBuildPhase section */
		50BFC9B017D06B0200B77501 /* Frameworks */ = {
			isa = PBXFrameworksBuildPhase;
			buildActionMask = 2147483647;
			files = (
				50BFC9B717D06B0300B77501 /* UIKit.framework in Frameworks */,
				50BFC9B917D06B0300B77501 /* Foundation.framework in Frameworks */,
				50BFC9BB17D06B0300B77501 /* CoreGraphics.framework in Frameworks */,
			);
			runOnlyForDeploymentPostprocessing = 0;
		};
/* End PBXFrameworksBuildPhase section */

/* Begin PBXGroup section */
		50A4D26217D5D74200D86C24 /* MBProgressHUD */ = {
			isa = PBXGroup;
			children = (
				50A4D26317D5D74200D86C24 /* classes */,
				50A4D26617D5D74200D86C24 /* MBProgressHUDManager.h */,
				50A4D26717D5D74200D86C24 /* MBProgressHUDManager.m */,
			);
			path = MBProgressHUD;
			sourceTree = "<group>";
		};
		50A4D26317D5D74200D86C24 /* classes */ = {
			isa = PBXGroup;
			children = (
				50A4D26417D5D74200D86C24 /* MBProgressHUD.h */,
				50A4D26517D5D74200D86C24 /* MBProgressHUD.m */,
			);
			path = classes;
			sourceTree = "<group>";
		};
		50A4D26A17D5DC2A00D86C24 /* UIAlertView&UIActionSheet+Blocks */ = {
			isa = PBXGroup;
			children = (
				50A4D26B17D5DC2A00D86C24 /* RIButtonItem.h */,
				50A4D26C17D5DC2A00D86C24 /* RIButtonItem.m */,
				50A4D26D17D5DC2A00D86C24 /* UIActionSheet+Blocks.h */,
				50A4D26E17D5DC2A00D86C24 /* UIActionSheet+Blocks.m */,
				50A4D26F17D5DC2A00D86C24 /* UIAlertView+Blocks.h */,
				50A4D27017D5DC2A00D86C24 /* UIAlertView+Blocks.m */,
			);
			path = "UIAlertView&UIActionSheet+Blocks";
			sourceTree = "<group>";
		};
		50B1CA8117D42C3500F580C4 /* imgs */ = {
			isa = PBXGroup;
			children = (
				50B1CAF217D480CB00F580C4 /* default_image.png */,
				50B1CA8217D42C3500F580C4 /* btn.png */,
				50B1CA8317D42C3500F580C4 /* btn@2x.png */,
			);
			path = imgs;
			sourceTree = "<group>";
		};
		50B1CA9017D43F9E00F580C4 /* Constants */ = {
			isa = PBXGroup;
			children = (
				50B1CA9317D443AC00F580C4 /* ACMacros.h */,
				50B1CA9117D43F9E00F580C4 /* AppConstants.h */,
				50B1CA9217D43F9E00F580C4 /* AppImport.h */,
			);
			path = Constants;
			sourceTree = "<group>";
		};
		50B1CA9417D443CA00F580C4 /* ThirdParty */ = {
			isa = PBXGroup;
			children = (
				50B1CA9D17D4441B00F580C4 /* UI */,
				50B1CA9517D443CA00F580C4 /* Categories */,
			);
			path = ThirdParty;
			sourceTree = "<group>";
		};
		50B1CA9517D443CA00F580C4 /* Categories */ = {
			isa = PBXGroup;
			children = (
				50B1CA9617D443CA00F580C4 /* UI */,
			);
			path = Categories;
			sourceTree = "<group>";
		};
		50B1CA9617D443CA00F580C4 /* UI */ = {
			isa = PBXGroup;
			children = (
				50A4D26A17D5DC2A00D86C24 /* UIAlertView&UIActionSheet+Blocks */,
				50A4D25C17D5D69700D86C24 /* UIImage+ConvertRGBToGreyScale.h */,
				50A4D25D17D5D69700D86C24 /* UIImage+ConvertRGBToGreyScale.m */,
				50A4D25E17D5D69700D86C24 /* UIImage+ReSizeMethods.h */,
				50A4D25F17D5D69700D86C24 /* UIImage+ReSizeMethods.m */,
				50B1CA9917D443CA00F580C4 /* UINavigationBar+Background.h */,
				50B1CA9A17D443CA00F580C4 /* UINavigationBar+Background.m */,
			);
			path = UI;
			sourceTree = "<group>";
		};
		50B1CA9D17D4441B00F580C4 /* UI */ = {
			isa = PBXGroup;
			children = (
				50A4D26217D5D74200D86C24 /* MBProgressHUD */,
				50B1CA9E17D4441B00F580C4 /* UIPlaceHolderTextField.h */,
				50B1CA9F17D4441B00F580C4 /* UIPlaceHolderTextField.m */,
				50B1CAA017D4441B00F580C4 /* UIPlaceHolderTextView.h */,
				50B1CAA117D4441B00F580C4 /* UIPlaceHolderTextView.m */,
			);
			path = UI;
			sourceTree = "<group>";
		};
		50BFC9AA17D06B0200B77501 = {
			isa = PBXGroup;
			children = (
				50BFC9BC17D06B0300B77501 /* TestNavBar */,
				50BFC9B517D06B0300B77501 /* Frameworks */,
				50BFC9B417D06B0300B77501 /* Products */,
			);
			sourceTree = "<group>";
		};
		50BFC9B417D06B0300B77501 /* Products */ = {
			isa = PBXGroup;
			children = (
				50BFC9B317D06B0300B77501 /* TestNavBar.app */,
			);
			name = Products;
			sourceTree = "<group>";
		};
		50BFC9B517D06B0300B77501 /* Frameworks */ = {
			isa = PBXGroup;
			children = (
				50BFC9B617D06B0300B77501 /* UIKit.framework */,
				50BFC9B817D06B0300B77501 /* Foundation.framework */,
				50BFC9BA17D06B0300B77501 /* CoreGraphics.framework */,
			);
			name = Frameworks;
			sourceTree = "<group>";
		};
		50BFC9BC17D06B0300B77501 /* TestNavBar */ = {
			isa = PBXGroup;
			children = (
				50B1CA9417D443CA00F580C4 /* ThirdParty */,
				50B1CA9017D43F9E00F580C4 /* Constants */,
				50BFC9C517D06B0300B77501 /* AppDelegate.h */,
				50BFC9C617D06B0300B77501 /* AppDelegate.m */,
				50BFC9CE17D06B0300B77501 /* IndexJViewController.h */,
				50BFC9CF17D06B0300B77501 /* IndexJViewController.m */,
				50A4D25917D5BF7C00D86C24 /* LeftBarBtnJViewController.h */,
				50A4D25A17D5BF7C00D86C24 /* LeftBarBtnJViewController.m */,
				50B1CAF417D4885B00F580C4 /* RightBarBtnJViewController.h */,
				50B1CAF517D4885B00F580C4 /* RightBarBtnJViewController.m */,
				50B1CA8117D42C3500F580C4 /* imgs */,
				50BFC9BD17D06B0300B77501 /* Supporting Files */,
			);
			path = TestNavBar;
			sourceTree = "<group>";
		};
		50BFC9BD17D06B0300B77501 /* Supporting Files */ = {
			isa = PBXGroup;
			children = (
				50BFC9BE17D06B0300B77501 /* TestNavBar-Info.plist */,
				50BFC9BF17D06B0300B77501 /* InfoPlist.strings */,
				50BFC9C217D06B0300B77501 /* main.m */,
				50BFC9C417D06B0300B77501 /* TestNavBar-Prefix.pch */,
				50BFC9C817D06B0300B77501 /* Default.png */,
				50BFC9CA17D06B0300B77501 /* Default@2x.png */,
				50BFC9CC17D06B0300B77501 /* Default-568h@2x.png */,
			);
			name = "Supporting Files";
			sourceTree = "<group>";
		};
/* End PBXGroup section */

/* Begin PBXNativeTarget section */
		50BFC9B217D06B0200B77501 /* TestNavBar */ = {
			isa = PBXNativeTarget;
			buildConfigurationList = 50BFC9D617D06B0300B77501 /* Build configuration list for PBXNativeTarget "TestNavBar" */;
			buildPhases = (
				50BFC9AF17D06B0200B77501 /* Sources */,
				50BFC9B017D06B0200B77501 /* Frameworks */,
				50BFC9B117D06B0200B77501 /* Resources */,
			);
			buildRules = (
			);
			dependencies = (
			);
			name = TestNavBar;
			productName = TestNavBar;
			productReference = 50BFC9B317D06B0300B77501 /* TestNavBar.app */;
			productType = "com.apple.product-type.application";
		};
/* End PBXNativeTarget section */

/* Begin PBXProject section */
		50BFC9AB17D06B0200B77501 /* Project object */ = {
			isa = PBXProject;
			attributes = {
				LastUpgradeCheck = 0460;
				ORGANIZATIONNAME = "Albert Chu";
			};
			buildConfigurationList = 50BFC9AE17D06B0200B77501 /* Build configuration list for PBXProject "TestNavBar" */;
			compatibilityVersion = "Xcode 3.2";
			developmentRegion = English;
			hasScannedForEncodings = 0;
			knownRegions = (
				en,
			);
			mainGroup = 50BFC9AA17D06B0200B77501;
			productRefGroup = 50BFC9B417D06B0300B77501 /* Products */;
			projectDirPath = "";
			projectRoot = "";
			targets = (
				50BFC9B217D06B0200B77501 /* TestNavBar */,
			);
		};
/* End PBXProject section */

/* Begin PBXResourcesBuildPhase section */
		50BFC9B117D06B0200B77501 /* Resources */ = {
			isa = PBXResourcesBuildPhase;
			buildActionMask = 2147483647;
			files = (
				50BFC9C117D06B0300B77501 /* InfoPlist.strings in Resources */,
				50BFC9C917D06B0300B77501 /* Default.png in Resources */,
				50BFC9CB17D06B0300B77501 /* Default@2x.png in Resources */,
				50BFC9CD17D06B0300B77501 /* Default-568h@2x.png in Resources */,
				50B1CA8417D42C3500F580C4 /* btn.png in Resources */,
				50B1CA8517D42C3500F580C4 /* btn@2x.png in Resources */,
				50B1CAF317D480CB00F580C4 /* default_image.png in Resources */,
			);
			runOnlyForDeploymentPostprocessing = 0;
		};
/* End PBXResourcesBuildPhase section */

/* Begin PBXSourcesBuildPhase section */
		50BFC9AF17D06B0200B77501 /* Sources */ = {
			isa = PBXSourcesBuildPhase;
			buildActionMask = 2147483647;
			files = (
				50BFC9C317D06B0300B77501 /* main.m in Sources */,
				50BFC9C717D06B0300B77501 /* AppDelegate.m in Sources */,
				50BFC9D017D06B0300B77501 /* IndexJViewController.m in Sources */,
				50B1CA9C17D443CA00F580C4 /* UINavigationBar+Background.m in Sources */,
				50B1CAA217D4441B00F580C4 /* UIPlaceHolderTextField.m in Sources */,
				50B1CAA317D4441B00F580C4 /* UIPlaceHolderTextView.m in Sources */,
				50B1CAF617D4885B00F580C4 /* RightBarBtnJViewController.m in Sources */,
				50A4D25B17D5BF7C00D86C24 /* LeftBarBtnJViewController.m in Sources */,
				50A4D26017D5D69700D86C24 /* UIImage+ConvertRGBToGreyScale.m in Sources */,
				50A4D26117D5D69700D86C24 /* UIImage+ReSizeMethods.m in Sources */,
				50A4D26817D5D74200D86C24 /* MBProgressHUD.m in Sources */,
				50A4D26917D5D74200D86C24 /* MBProgressHUDManager.m in Sources */,
				50A4D27117D5DC2A00D86C24 /* RIButtonItem.m in Sources */,
				50A4D27217D5DC2A00D86C24 /* UIActionSheet+Blocks.m in Sources */,
				50A4D27317D5DC2A00D86C24 /* UIAlertView+Blocks.m in Sources */,
			);
			runOnlyForDeploymentPostprocessing = 0;
		};
/* End PBXSourcesBuildPhase section */

/* Begin PBXVariantGroup section */
		50BFC9BF17D06B0300B77501 /* InfoPlist.strings */ = {
			isa = PBXVariantGroup;
			children = (
				50BFC9C017D06B0300B77501 /* en */,
			);
			name = InfoPlist.strings;
			sourceTree = "<group>";
		};
/* End PBXVariantGroup section */

/* Begin XCBuildConfiguration section */
		50BFC9D417D06B0300B77501 /* Debug */ = {
			isa = XCBuildConfiguration;
			buildSettings = {
				ALWAYS_SEARCH_USER_PATHS = NO;
				CLANG_CXX_LANGUAGE_STANDARD = "gnu++0x";
				CLANG_CXX_LIBRARY = "libc++";
				CLANG_ENABLE_OBJC_ARC = YES;
				CLANG_WARN_CONSTANT_CONVERSION = YES;
				CLANG_WARN_EMPTY_BODY = YES;
				CLANG_WARN_ENUM_CONVERSION = YES;
				CLANG_WARN_INT_CONVERSION = YES;
				CLANG_WARN__DUPLICATE_METHOD_MATCH = YES;
				"CODE_SIGN_IDENTITY[sdk=iphoneos*]" = "iPhone Developer";
				COPY_PHASE_STRIP = NO;
				GCC_C_LANGUAGE_STANDARD = gnu99;
				GCC_DYNAMIC_NO_PIC = NO;
				GCC_OPTIMIZATION_LEVEL = 0;
				GCC_PREPROCESSOR_DEFINITIONS = (
					"DEBUG=1",
					"$(inherited)",
				);
				GCC_SYMBOLS_PRIVATE_EXTERN = NO;
				GCC_WARN_ABOUT_RETURN_TYPE = YES;
				GCC_WARN_UNINITIALIZED_AUTOS = YES;
				GCC_WARN_UNUSED_VARIABLE = YES;
				IPHONEOS_DEPLOYMENT_TARGET = 6.1;
				ONLY_ACTIVE_ARCH = YES;
				SDKROOT = iphoneos;
			};
			name = Debug;
		};
		50BFC9D517D06B0300B77501 /* Release */ = {
			isa = XCBuildConfiguration;
			buildSettings = {
				ALWAYS_SEARCH_USER_PATHS = NO;
				CLANG_CXX_LANGUAGE_STANDARD = "gnu++0x";
				CLANG_CXX_LIBRARY = "libc++";
				CLANG_ENABLE_OBJC_ARC = YES;
				CLANG_WARN_CONSTANT_CONVERSION = YES;
				CLANG_WARN_EMPTY_BODY = YES;
				CLANG_WARN_ENUM_CONVERSION = YES;
				CLANG_WARN_INT_CONVERSION = YES;
				CLANG_WARN__DUPLICATE_METHOD_MATCH = YES;
				"CODE_SIGN_IDENTITY[sdk=iphoneos*]" = "iPhone Developer";
				COPY_PHASE_STRIP = YES;
				GCC_C_LANGUAGE_STANDARD = gnu99;
				GCC_WARN_ABOUT_RETURN_TYPE = YES;
				GCC_WARN_UNINITIALIZED_AUTOS = YES;
				GCC_WARN_UNUSED_VARIABLE = YES;
				IPHONEOS_DEPLOYMENT_TARGET = 6.1;
				OTHER_CFLAGS = "-DNS_BLOCK_ASSERTIONS=1";
				SDKROOT = iphoneos;
				VALIDATE_PRODUCT = YES;
			};
			name = Release;
		};
		50BFC9D717D06B0300B77501 /* Debug */ = {
			isa = XCBuildConfiguration;
			buildSettings = {
				GCC_PRECOMPILE_PREFIX_HEADER = YES;
				GCC_PREFIX_HEADER = "TestNavBar/TestNavBar-Prefix.pch";
				INFOPLIST_FILE = "TestNavBar/TestNavBar-Info.plist";
				PRODUCT_NAME = "$(TARGET_NAME)";
				WRAPPER_EXTENSION = app;
			};
			name = Debug;
		};
		50BFC9D817D06B0300B77501 /* Release */ = {
			isa = XCBuildConfiguration;
			buildSettings = {
				GCC_PRECOMPILE_PREFIX_HEADER = YES;
				GCC_PREFIX_HEADER = "TestNavBar/TestNavBar-Prefix.pch";
				INFOPLIST_FILE = "TestNavBar/TestNavBar-Info.plist";
				PRODUCT_NAME = "$(TARGET_NAME)";
				WRAPPER_EXTENSION = app;
			};
			name = Release;
		};
/* End XCBuildConfiguration section */

/* Begin XCConfigurationList section */
		50BFC9AE17D06B0200B77501 /* Build configuration list for PBXProject "TestNavBar" */ = {
			isa = XCConfigurationList;
			buildConfigurations = (
				50BFC9D417D06B0300B77501 /* Debug */,
				50BFC9D517D06B0300B77501 /* Release */,
			);
			defaultConfigurationIsVisible = 0;
			defaultConfigurationName = Release;
		};
		50BFC9D617D06B0300B77501 /* Build configuration list for PBXNativeTarget "TestNavBar" */ = {
			isa = XCConfigurationList;
			buildConfigurations = (
				50BFC9D717D06B0300B77501 /* Debug */,
				50BFC9D817D06B0300B77501 /* Release */,
			);
			defaultConfigurationIsVisible = 0;
			defaultConfigurationName = Release;
		};
/* End XCConfigurationList section */
	};
	rootObject = 50BFC9AB17D06B0200B77501 /* Project object */;
}
