// !$*UTF8*$!
{
	archiveVersion = 1;
	classes = {
	};
	objectVersion = 46;
	objects = {

/* Begin PBXBuildFile section */
		50CF43D818504F6300C7BE6F /* ThirdTabJViewController.m in Sources */ = {isa = PBXBuildFile; fileRef = 50CF43D618504F6300C7BE6F /* ThirdTabJViewController.m */; };
		50CF43D918504F6300C7BE6F /* ThridTabDataSource_testTableView.json in Resources */ = {isa = PBXBuildFile; fileRef = 50CF43D718504F6300C7BE6F /* ThridTabDataSource_testTableView.json */; };
		50CF43DC185051E000C7BE6F /* Settings01JViewController.m in Sources */ = {isa = PBXBuildFile; fileRef = 50CF43DB185051E000C7BE6F /* Settings01JViewController.m */; };
		50CF43DF1850520300C7BE6F /* Settings02JViewController.m in Sources */ = {isa = PBXBuildFile; fileRef = 50CF43DE1850520300C7BE6F /* Settings02JViewController.m */; };
		50CF43E21850521000C7BE6F /* Settings03JViewController.m in Sources */ = {isa = PBXBuildFile; fileRef = 50CF43E11850521000C7BE6F /* Settings03JViewController.m */; };
		50E0C17A184867430092FCC0 /* ACJSONKit.m in Sources */ = {isa = PBXBuildFile; fileRef = 50E0C179184867430092FCC0 /* ACJSONKit.m */; };
		50E0C17B184867430092FCC0 /* ACJSONKit.m in Sources */ = {isa = PBXBuildFile; fileRef = 50E0C179184867430092FCC0 /* ACJSONKit.m */; };
		50FC80C61844A47700C19ABA /* Foundation.framework in Frameworks */ = {isa = PBXBuildFile; fileRef = 50FC80C51844A47700C19ABA /* Foundation.framework */; };
		50FC80C81844A47700C19ABA /* CoreGraphics.framework in Frameworks */ = {isa = PBXBuildFile; fileRef = 50FC80C71844A47700C19ABA /* CoreGraphics.framework */; };
		50FC80CA1844A47700C19ABA /* UIKit.framework in Frameworks */ = {isa = PBXBuildFile; fileRef = 50FC80C91844A47700C19ABA /* UIKit.framework */; };
		50FC80D01844A47700C19ABA /* InfoPlist.strings in Resources */ = {isa = PBXBuildFile; fileRef = 50FC80CE1844A47700C19ABA /* InfoPlist.strings */; };
		50FC80D21844A47700C19ABA /* main.m in Sources */ = {isa = PBXBuildFile; fileRef = 50FC80D11844A47700C19ABA /* main.m */; };
		50FC80D61844A47700C19ABA /* AppDelegate.m in Sources */ = {isa = PBXBuildFile; fileRef = 50FC80D51844A47700C19ABA /* AppDelegate.m */; };
		50FC80D81844A47700C19ABA /* Images.xcassets in Resources */ = {isa = PBXBuildFile; fileRef = 50FC80D71844A47700C19ABA /* Images.xcassets */; };
		50FC80DF1844A47700C19ABA /* XCTest.framework in Frameworks */ = {isa = PBXBuildFile; fileRef = 50FC80DE1844A47700C19ABA /* XCTest.framework */; };
		50FC80E01844A47700C19ABA /* Foundation.framework in Frameworks */ = {isa = PBXBuildFile; fileRef = 50FC80C51844A47700C19ABA /* Foundation.framework */; };
		50FC80E11844A47700C19ABA /* UIKit.framework in Frameworks */ = {isa = PBXBuildFile; fileRef = 50FC80C91844A47700C19ABA /* UIKit.framework */; };
		50FC80E91844A47700C19ABA /* InfoPlist.strings in Resources */ = {isa = PBXBuildFile; fileRef = 50FC80E71844A47700C19ABA /* InfoPlist.strings */; };
		50FC80EB1844A47700C19ABA /* Layout_TabBar_DemoTests.m in Sources */ = {isa = PBXBuildFile; fileRef = 50FC80EA1844A47700C19ABA /* Layout_TabBar_DemoTests.m */; };
		50FC811E1844A4EC00C19ABA /* RIButtonItem.m in Sources */ = {isa = PBXBuildFile; fileRef = 50FC80F81844A4EC00C19ABA /* RIButtonItem.m */; };
		50FC811F1844A4EC00C19ABA /* UIActionSheet+Blocks.m in Sources */ = {isa = PBXBuildFile; fileRef = 50FC80FA1844A4EC00C19ABA /* UIActionSheet+Blocks.m */; };
		50FC81201844A4EC00C19ABA /* UIAlertView+Blocks.m in Sources */ = {isa = PBXBuildFile; fileRef = 50FC80FC1844A4EC00C19ABA /* UIAlertView+Blocks.m */; };
		50FC81211844A4EC00C19ABA /* UIImage+ConvertRGBToGreyScale.m in Sources */ = {isa = PBXBuildFile; fileRef = 50FC80FE1844A4EC00C19ABA /* UIImage+ConvertRGBToGreyScale.m */; };
		50FC81221844A4EC00C19ABA /* UIImage+ReSizeMethods.m in Sources */ = {isa = PBXBuildFile; fileRef = 50FC81001844A4EC00C19ABA /* UIImage+ReSizeMethods.m */; };
		50FC81231844A4EC00C19ABA /* UINavigationBar+TitleTextColor.m in Sources */ = {isa = PBXBuildFile; fileRef = 50FC81021844A4EC00C19ABA /* UINavigationBar+TitleTextColor.m */; };
		50FC81241844A4EC00C19ABA /* ACBaseViewController.m in Sources */ = {isa = PBXBuildFile; fileRef = 50FC810C1844A4EC00C19ABA /* ACBaseViewController.m */; };
		50FC81251844A4EC00C19ABA /* MBProgressHUDManager.m in Sources */ = {isa = PBXBuildFile; fileRef = 50FC810F1844A4EC00C19ABA /* MBProgressHUDManager.m */; };
		50FC81261844A4EC00C19ABA /* nav_back.png in Resources */ = {isa = PBXBuildFile; fileRef = 50FC81111844A4EC00C19ABA /* nav_back.png */; };
		50FC81271844A4EC00C19ABA /* nav_back@2x.png in Resources */ = {isa = PBXBuildFile; fileRef = 50FC81121844A4EC00C19ABA /* nav_back@2x.png */; };
		50FC81281844A4EC00C19ABA /* MBProgressHUD.m in Sources */ = {isa = PBXBuildFile; fileRef = 50FC81171844A4EC00C19ABA /* MBProgressHUD.m */; };
		50FC81291844A4EC00C19ABA /* UIPlaceHolderTextField.m in Sources */ = {isa = PBXBuildFile; fileRef = 50FC811A1844A4EC00C19ABA /* UIPlaceHolderTextField.m */; };
		50FC812A1844A4EC00C19ABA /* UIPlaceHolderTextView.m in Sources */ = {isa = PBXBuildFile; fileRef = 50FC811D1844A4EC00C19ABA /* UIPlaceHolderTextView.m */; };
		50FC812D1844A62900C19ABA /* FirstTabJViewController.m in Sources */ = {isa = PBXBuildFile; fileRef = 50FC812C1844A62900C19ABA /* FirstTabJViewController.m */; };
		50FC81301844A63E00C19ABA /* SecondTabJViewController.m in Sources */ = {isa = PBXBuildFile; fileRef = 50FC812F1844A63E00C19ABA /* SecondTabJViewController.m */; };
		50FC81381844B74F00C19ABA /* bubble.png in Resources */ = {isa = PBXBuildFile; fileRef = 50FC81321844B74F00C19ABA /* bubble.png */; };
		50FC81391844B74F00C19ABA /* bubble@2x.png in Resources */ = {isa = PBXBuildFile; fileRef = 50FC81331844B74F00C19ABA /* bubble@2x.png */; };
		50FC813A1844B74F00C19ABA /* cloud-download.png in Resources */ = {isa = PBXBuildFile; fileRef = 50FC81341844B74F00C19ABA /* cloud-download.png */; };
		50FC813B1844B74F00C19ABA /* cloud-download@2x.png in Resources */ = {isa = PBXBuildFile; fileRef = 50FC81351844B74F00C19ABA /* cloud-download@2x.png */; };
		50FC813C1844B74F00C19ABA /* settings1.png in Resources */ = {isa = PBXBuildFile; fileRef = 50FC81361844B74F00C19ABA /* settings1.png */; };
		50FC813D1844B74F00C19ABA /* settings1@2x.png in Resources */ = {isa = PBXBuildFile; fileRef = 50FC81371844B74F00C19ABA /* settings1@2x.png */; };
/* End PBXBuildFile section */

/* Begin PBXContainerItemProxy section */
		50FC80E21844A47700C19ABA /* PBXContainerItemProxy */ = {
			isa = PBXContainerItemProxy;
			containerPortal = 50FC80BA1844A47700C19ABA /* Project object */;
			proxyType = 1;
			remoteGlobalIDString = 50FC80C11844A47700C19ABA;
			remoteInfo = Layout_TabBar_Demo;
		};
/* End PBXContainerItemProxy section */

/* Begin PBXFileReference section */
		50CF43D518504F6300C7BE6F /* ThirdTabJViewController.h */ = {isa = PBXFileReference; fileEncoding = 4; lastKnownFileType = sourcecode.c.h; path = ThirdTabJViewController.h; sourceTree = "<group>"; };
		50CF43D618504F6300C7BE6F /* ThirdTabJViewController.m */ = {isa = PBXFileReference; fileEncoding = 4; lastKnownFileType = sourcecode.c.objc; path = ThirdTabJViewController.m; sourceTree = "<group>"; };
		50CF43D718504F6300C7BE6F /* ThridTabDataSource_testTableView.json */ = {isa = PBXFileReference; fileEncoding = 4; lastKnownFileType = text.json; path = ThridTabDataSource_testTableView.json; sourceTree = "<group>"; };
		50CF43DA185051E000C7BE6F /* Settings01JViewController.h */ = {isa = PBXFileReference; fileEncoding = 4; lastKnownFileType = sourcecode.c.h; path = Settings01JViewController.h; sourceTree = "<group>"; };
		50CF43DB185051E000C7BE6F /* Settings01JViewController.m */ = {isa = PBXFileReference; fileEncoding = 4; lastKnownFileType = sourcecode.c.objc; path = Settings01JViewController.m; sourceTree = "<group>"; };
		50CF43DD1850520300C7BE6F /* Settings02JViewController.h */ = {isa = PBXFileReference; fileEncoding = 4; lastKnownFileType = sourcecode.c.h; path = Settings02JViewController.h; sourceTree = "<group>"; };
		50CF43DE1850520300C7BE6F /* Settings02JViewController.m */ = {isa = PBXFileReference; fileEncoding = 4; lastKnownFileType = sourcecode.c.objc; path = Settings02JViewController.m; sourceTree = "<group>"; };
		50CF43E01850521000C7BE6F /* Settings03JViewController.h */ = {isa = PBXFileReference; fileEncoding = 4; lastKnownFileType = sourcecode.c.h; path = Settings03JViewController.h; sourceTree = "<group>"; };
		50CF43E11850521000C7BE6F /* Settings03JViewController.m */ = {isa = PBXFileReference; fileEncoding = 4; lastKnownFileType = sourcecode.c.objc; path = Settings03JViewController.m; sourceTree = "<group>"; };
		50E0C178184867430092FCC0 /* ACJSONKit.h */ = {isa = PBXFileReference; fileEncoding = 4; lastKnownFileType = sourcecode.c.h; path = ACJSONKit.h; sourceTree = "<group>"; };
		50E0C179184867430092FCC0 /* ACJSONKit.m */ = {isa = PBXFileReference; fileEncoding = 4; lastKnownFileType = sourcecode.c.objc; path = ACJSONKit.m; sourceTree = "<group>"; };
		50FC80C21844A47700C19ABA /* Layout_TabBar_Demo.app */ = {isa = PBXFileReference; explicitFileType = wrapper.application; includeInIndex = 0; path = Layout_TabBar_Demo.app; sourceTree = BUILT_PRODUCTS_DIR; };
		50FC80C51844A47700C19ABA /* Foundation.framework */ = {isa = PBXFileReference; lastKnownFileType = wrapper.framework; name = Foundation.framework; path = System/Library/Frameworks/Foundation.framework; sourceTree = SDKROOT; };
		50FC80C71844A47700C19ABA /* CoreGraphics.framework */ = {isa = PBXFileReference; lastKnownFileType = wrapper.framework; name = CoreGraphics.framework; path = System/Library/Frameworks/CoreGraphics.framework; sourceTree = SDKROOT; };
		50FC80C91844A47700C19ABA /* UIKit.framework */ = {isa = PBXFileReference; lastKnownFileType = wrapper.framework; name = UIKit.framework; path = System/Library/Frameworks/UIKit.framework; sourceTree = SDKROOT; };
		50FC80CD1844A47700C19ABA /* Layout_TabBar_Demo-Info.plist */ = {isa = PBXFileReference; lastKnownFileType = text.plist.xml; path = "Layout_TabBar_Demo-Info.plist"; sourceTree = "<group>"; };
		50FC80CF1844A47700C19ABA /* en */ = {isa = PBXFileReference; lastKnownFileType = text.plist.strings; name = en; path = en.lproj/InfoPlist.strings; sourceTree = "<group>"; };
		50FC80D11844A47700C19ABA /* main.m */ = {isa = PBXFileReference; lastKnownFileType = sourcecode.c.objc; path = main.m; sourceTree = "<group>"; };
		50FC80D31844A47700C19ABA /* Layout_TabBar_Demo-Prefix.pch */ = {isa = PBXFileReference; lastKnownFileType = sourcecode.c.h; path = "Layout_TabBar_Demo-Prefix.pch"; sourceTree = "<group>"; };
		50FC80D41844A47700C19ABA /* AppDelegate.h */ = {isa = PBXFileReference; lastKnownFileType = sourcecode.c.h; path = AppDelegate.h; sourceTree = "<group>"; };
		50FC80D51844A47700C19ABA /* AppDelegate.m */ = {isa = PBXFileReference; lastKnownFileType = sourcecode.c.objc; path = AppDelegate.m; sourceTree = "<group>"; };
		50FC80D71844A47700C19ABA /* Images.xcassets */ = {isa = PBXFileReference; lastKnownFileType = folder.assetcatalog; path = Images.xcassets; sourceTree = "<group>"; };
		50FC80DD1844A47700C19ABA /* Layout_TabBar_DemoTests.xctest */ = {isa = PBXFileReference; explicitFileType = wrapper.cfbundle; includeInIndex = 0; path = Layout_TabBar_DemoTests.xctest; sourceTree = BUILT_PRODUCTS_DIR; };
		50FC80DE1844A47700C19ABA /* XCTest.framework */ = {isa = PBXFileReference; lastKnownFileType = wrapper.framework; name = XCTest.framework; path = Library/Frameworks/XCTest.framework; sourceTree = DEVELOPER_DIR; };
		50FC80E61844A47700C19ABA /* Layout_TabBar_DemoTests-Info.plist */ = {isa = PBXFileReference; lastKnownFileType = text.plist.xml; path = "Layout_TabBar_DemoTests-Info.plist"; sourceTree = "<group>"; };
		50FC80E81844A47700C19ABA /* en */ = {isa = PBXFileReference; lastKnownFileType = text.plist.strings; name = en; path = en.lproj/InfoPlist.strings; sourceTree = "<group>"; };
		50FC80EA1844A47700C19ABA /* Layout_TabBar_DemoTests.m */ = {isa = PBXFileReference; lastKnownFileType = sourcecode.c.objc; path = Layout_TabBar_DemoTests.m; sourceTree = "<group>"; };
		50FC80F71844A4EC00C19ABA /* RIButtonItem.h */ = {isa = PBXFileReference; fileEncoding = 4; lastKnownFileType = sourcecode.c.h; path = RIButtonItem.h; sourceTree = "<group>"; };
		50FC80F81844A4EC00C19ABA /* RIButtonItem.m */ = {isa = PBXFileReference; fileEncoding = 4; lastKnownFileType = sourcecode.c.objc; path = RIButtonItem.m; sourceTree = "<group>"; };
		50FC80F91844A4EC00C19ABA /* UIActionSheet+Blocks.h */ = {isa = PBXFileReference; fileEncoding = 4; lastKnownFileType = sourcecode.c.h; path = "UIActionSheet+Blocks.h"; sourceTree = "<group>"; };
		50FC80FA1844A4EC00C19ABA /* UIActionSheet+Blocks.m */ = {isa = PBXFileReference; fileEncoding = 4; lastKnownFileType = sourcecode.c.objc; path = "UIActionSheet+Blocks.m"; sourceTree = "<group>"; };
		50FC80FB1844A4EC00C19ABA /* UIAlertView+Blocks.h */ = {isa = PBXFileReference; fileEncoding = 4; lastKnownFileType = sourcecode.c.h; path = "UIAlertView+Blocks.h"; sourceTree = "<group>"; };
		50FC80FC1844A4EC00C19ABA /* UIAlertView+Blocks.m */ = {isa = PBXFileReference; fileEncoding = 4; lastKnownFileType = sourcecode.c.objc; path = "UIAlertView+Blocks.m"; sourceTree = "<group>"; };
		50FC80FD1844A4EC00C19ABA /* UIImage+ConvertRGBToGreyScale.h */ = {isa = PBXFileReference; fileEncoding = 4; lastKnownFileType = sourcecode.c.h; path = "UIImage+ConvertRGBToGreyScale.h"; sourceTree = "<group>"; };
		50FC80FE1844A4EC00C19ABA /* UIImage+ConvertRGBToGreyScale.m */ = {isa = PBXFileReference; fileEncoding = 4; lastKnownFileType = sourcecode.c.objc; path = "UIImage+ConvertRGBToGreyScale.m"; sourceTree = "<group>"; };
		50FC80FF1844A4EC00C19ABA /* UIImage+ReSizeMethods.h */ = {isa = PBXFileReference; fileEncoding = 4; lastKnownFileType = sourcecode.c.h; path = "UIImage+ReSizeMethods.h"; sourceTree = "<group>"; };
		50FC81001844A4EC00C19ABA /* UIImage+ReSizeMethods.m */ = {isa = PBXFileReference; fileEncoding = 4; lastKnownFileType = sourcecode.c.objc; path = "UIImage+ReSizeMethods.m"; sourceTree = "<group>"; };
		50FC81011844A4EC00C19ABA /* UINavigationBar+TitleTextColor.h */ = {isa = PBXFileReference; fileEncoding = 4; lastKnownFileType = sourcecode.c.h; path = "UINavigationBar+TitleTextColor.h"; sourceTree = "<group>"; };
		50FC81021844A4EC00C19ABA /* UINavigationBar+TitleTextColor.m */ = {isa = PBXFileReference; fileEncoding = 4; lastKnownFileType = sourcecode.c.objc; path = "UINavigationBar+TitleTextColor.m"; sourceTree = "<group>"; };
		50FC81051844A4EC00C19ABA /* ACMacros.h */ = {isa = PBXFileReference; fileEncoding = 4; lastKnownFileType = sourcecode.c.h; path = ACMacros.h; sourceTree = "<group>"; };
		50FC81061844A4EC00C19ABA /* AppConstants.h */ = {isa = PBXFileReference; fileEncoding = 4; lastKnownFileType = sourcecode.c.h; path = AppConstants.h; sourceTree = "<group>"; };
		50FC81071844A4EC00C19ABA /* AppImport.h */ = {isa = PBXFileReference; fileEncoding = 4; lastKnownFileType = sourcecode.c.h; path = AppImport.h; sourceTree = "<group>"; };
		50FC810B1844A4EC00C19ABA /* ACBaseViewController.h */ = {isa = PBXFileReference; fileEncoding = 4; lastKnownFileType = sourcecode.c.h; path = ACBaseViewController.h; sourceTree = "<group>"; };
		50FC810C1844A4EC00C19ABA /* ACBaseViewController.m */ = {isa = PBXFileReference; fileEncoding = 4; lastKnownFileType = sourcecode.c.objc; path = ACBaseViewController.m; sourceTree = "<group>"; };
		50FC810E1844A4EC00C19ABA /* MBProgressHUDManager.h */ = {isa = PBXFileReference; fileEncoding = 4; lastKnownFileType = sourcecode.c.h; path = MBProgressHUDManager.h; sourceTree = "<group>"; };
		50FC810F1844A4EC00C19ABA /* MBProgressHUDManager.m */ = {isa = PBXFileReference; fileEncoding = 4; lastKnownFileType = sourcecode.c.objc; path = MBProgressHUDManager.m; sourceTree = "<group>"; };
		50FC81111844A4EC00C19ABA /* nav_back.png */ = {isa = PBXFileReference; lastKnownFileType = image.png; path = nav_back.png; sourceTree = "<group>"; };
		50FC81121844A4EC00C19ABA /* nav_back@2x.png */ = {isa = PBXFileReference; lastKnownFileType = image.png; path = "nav_back@2x.png"; sourceTree = "<group>"; };
		50FC81161844A4EC00C19ABA /* MBProgressHUD.h */ = {isa = PBXFileReference; fileEncoding = 4; lastKnownFileType = sourcecode.c.h; path = MBProgressHUD.h; sourceTree = "<group>"; };
		50FC81171844A4EC00C19ABA /* MBProgressHUD.m */ = {isa = PBXFileReference; fileEncoding = 4; lastKnownFileType = sourcecode.c.objc; path = MBProgressHUD.m; sourceTree = "<group>"; };
		50FC81191844A4EC00C19ABA /* UIPlaceHolderTextField.h */ = {isa = PBXFileReference; fileEncoding = 4; lastKnownFileType = sourcecode.c.h; path = UIPlaceHolderTextField.h; sourceTree = "<group>"; };
		50FC811A1844A4EC00C19ABA /* UIPlaceHolderTextField.m */ = {isa = PBXFileReference; fileEncoding = 4; lastKnownFileType = sourcecode.c.objc; path = UIPlaceHolderTextField.m; sourceTree = "<group>"; };
		50FC811C1844A4EC00C19ABA /* UIPlaceHolderTextView.h */ = {isa = PBXFileReference; fileEncoding = 4; lastKnownFileType = sourcecode.c.h; path = UIPlaceHolderTextView.h; sourceTree = "<group>"; };
		50FC811D1844A4EC00C19ABA /* UIPlaceHolderTextView.m */ = {isa = PBXFileReference; fileEncoding = 4; lastKnownFileType = sourcecode.c.objc; path = UIPlaceHolderTextView.m; sourceTree = "<group>"; };
		50FC812B1844A62900C19ABA /* FirstTabJViewController.h */ = {isa = PBXFileReference; fileEncoding = 4; lastKnownFileType = sourcecode.c.h; path = FirstTabJViewController.h; sourceTree = "<group>"; };
		50FC812C1844A62900C19ABA /* FirstTabJViewController.m */ = {isa = PBXFileReference; fileEncoding = 4; lastKnownFileType = sourcecode.c.objc; path = FirstTabJViewController.m; sourceTree = "<group>"; };
		50FC812E1844A63E00C19ABA /* SecondTabJViewController.h */ = {isa = PBXFileReference; fileEncoding = 4; lastKnownFileType = sourcecode.c.h; path = SecondTabJViewController.h; sourceTree = "<group>"; };
		50FC812F1844A63E00C19ABA /* SecondTabJViewController.m */ = {isa = PBXFileReference; fileEncoding = 4; lastKnownFileType = sourcecode.c.objc; path = SecondTabJViewController.m; sourceTree = "<group>"; };
		50FC81321844B74F00C19ABA /* bubble.png */ = {isa = PBXFileReference; lastKnownFileType = image.png; path = bubble.png; sourceTree = "<group>"; };
		50FC81331844B74F00C19ABA /* bubble@2x.png */ = {isa = PBXFileReference; lastKnownFileType = image.png; path = "bubble@2x.png"; sourceTree = "<group>"; };
		50FC81341844B74F00C19ABA /* cloud-download.png */ = {isa = PBXFileReference; lastKnownFileType = image.png; path = "cloud-download.png"; sourceTree = "<group>"; };
		50FC81351844B74F00C19ABA /* cloud-download@2x.png */ = {isa = PBXFileReference; lastKnownFileType = image.png; path = "cloud-download@2x.png"; sourceTree = "<group>"; };
		50FC81361844B74F00C19ABA /* settings1.png */ = {isa = PBXFileReference; lastKnownFileType = image.png; path = settings1.png; sourceTree = "<group>"; };
		50FC81371844B74F00C19ABA /* settings1@2x.png */ = {isa = PBXFileReference; lastKnownFileType = image.png; path = "settings1@2x.png"; sourceTree = "<group>"; };
/* End PBXFileReference section */

/* Begin PBXFrameworksBuildPhase section */
		50FC80BF1844A47700C19ABA /* Frameworks */ = {
			isa = PBXFrameworksBuildPhase;
			buildActionMask = 2147483647;
			files = (
				50FC80C81844A47700C19ABA /* CoreGraphics.framework in Frameworks */,
				50FC80CA1844A47700C19ABA /* UIKit.framework in Frameworks */,
				50FC80C61844A47700C19ABA /* Foundation.framework in Frameworks */,
			);
			runOnlyForDeploymentPostprocessing = 0;
		};
		50FC80DA1844A47700C19ABA /* Frameworks */ = {
			isa = PBXFrameworksBuildPhase;
			buildActionMask = 2147483647;
			files = (
				50FC80DF1844A47700C19ABA /* XCTest.framework in Frameworks */,
				50FC80E11844A47700C19ABA /* UIKit.framework in Frameworks */,
				50FC80E01844A47700C19ABA /* Foundation.framework in Frameworks */,
			);
			runOnlyForDeploymentPostprocessing = 0;
		};
/* End PBXFrameworksBuildPhase section */

/* Begin PBXGroup section */
		50CF43D418504F6300C7BE6F /* ThridTab */ = {
			isa = PBXGroup;
			children = (
				50CF43D518504F6300C7BE6F /* ThirdTabJViewController.h */,
				50CF43D618504F6300C7BE6F /* ThirdTabJViewController.m */,
				50CF43D718504F6300C7BE6F /* ThridTabDataSource_testTableView.json */,
				50CF43DA185051E000C7BE6F /* Settings01JViewController.h */,
				50CF43DB185051E000C7BE6F /* Settings01JViewController.m */,
				50CF43DD1850520300C7BE6F /* Settings02JViewController.h */,
				50CF43DE1850520300C7BE6F /* Settings02JViewController.m */,
				50CF43E01850521000C7BE6F /* Settings03JViewController.h */,
				50CF43E11850521000C7BE6F /* Settings03JViewController.m */,
			);
			path = ThridTab;
			sourceTree = "<group>";
		};
		50E0C177184867070092FCC0 /* utils */ = {
			isa = PBXGroup;
			children = (
				50E0C178184867430092FCC0 /* ACJSONKit.h */,
				50E0C179184867430092FCC0 /* ACJSONKit.m */,
			);
			path = utils;
			sourceTree = "<group>";
		};
		50FC80B91844A47700C19ABA = {
			isa = PBXGroup;
			children = (
				50FC80CB1844A47700C19ABA /* Layout_TabBar_Demo */,
				50FC80E41844A47700C19ABA /* Layout_TabBar_DemoTests */,
				50FC80C41844A47700C19ABA /* Frameworks */,
				50FC80C31844A47700C19ABA /* Products */,
			);
			sourceTree = "<group>";
		};
		50FC80C31844A47700C19ABA /* Products */ = {
			isa = PBXGroup;
			children = (
				50FC80C21844A47700C19ABA /* Layout_TabBar_Demo.app */,
				50FC80DD1844A47700C19ABA /* Layout_TabBar_DemoTests.xctest */,
			);
			name = Products;
			sourceTree = "<group>";
		};
		50FC80C41844A47700C19ABA /* Frameworks */ = {
			isa = PBXGroup;
			children = (
				50FC80C51844A47700C19ABA /* Foundation.framework */,
				50FC80C71844A47700C19ABA /* CoreGraphics.framework */,
				50FC80C91844A47700C19ABA /* UIKit.framework */,
				50FC80DE1844A47700C19ABA /* XCTest.framework */,
			);
			name = Frameworks;
			sourceTree = "<group>";
		};
		50FC80CB1844A47700C19ABA /* Layout_TabBar_Demo */ = {
			isa = PBXGroup;
			children = (
				50FC80F41844A4EC00C19ABA /* Categories */,
				50FC81041844A4EC00C19ABA /* Constants */,
				50FC81081844A4EC00C19ABA /* Custom */,
				50FC81131844A4EC00C19ABA /* ThirdParty */,
				50FC80D41844A47700C19ABA /* AppDelegate.h */,
				50FC80D51844A47700C19ABA /* AppDelegate.m */,
				50FC81031844A4EC00C19ABA /* Classes */,
				50FC81101844A4EC00C19ABA /* Images */,
				50FC80D71844A47700C19ABA /* Images.xcassets */,
				50FC80CC1844A47700C19ABA /* Supporting Files */,
			);
			path = Layout_TabBar_Demo;
			sourceTree = "<group>";
		};
		50FC80CC1844A47700C19ABA /* Supporting Files */ = {
			isa = PBXGroup;
			children = (
				50FC80CD1844A47700C19ABA /* Layout_TabBar_Demo-Info.plist */,
				50FC80CE1844A47700C19ABA /* InfoPlist.strings */,
				50FC80D11844A47700C19ABA /* main.m */,
				50FC80D31844A47700C19ABA /* Layout_TabBar_Demo-Prefix.pch */,
			);
			name = "Supporting Files";
			sourceTree = "<group>";
		};
		50FC80E41844A47700C19ABA /* Layout_TabBar_DemoTests */ = {
			isa = PBXGroup;
			children = (
				50FC80EA1844A47700C19ABA /* Layout_TabBar_DemoTests.m */,
				50FC80E51844A47700C19ABA /* Supporting Files */,
			);
			path = Layout_TabBar_DemoTests;
			sourceTree = "<group>";
		};
		50FC80E51844A47700C19ABA /* Supporting Files */ = {
			isa = PBXGroup;
			children = (
				50FC80E61844A47700C19ABA /* Layout_TabBar_DemoTests-Info.plist */,
				50FC80E71844A47700C19ABA /* InfoPlist.strings */,
			);
			name = "Supporting Files";
			sourceTree = "<group>";
		};
		50FC80F41844A4EC00C19ABA /* Categories */ = {
			isa = PBXGroup;
			children = (
				50FC80F51844A4EC00C19ABA /* UI */,
			);
			path = Categories;
			sourceTree = "<group>";
		};
		50FC80F51844A4EC00C19ABA /* UI */ = {
			isa = PBXGroup;
			children = (
				50FC80F61844A4EC00C19ABA /* UIAlertView&UIActionSheet+Blocks */,
				50FC80FD1844A4EC00C19ABA /* UIImage+ConvertRGBToGreyScale.h */,
				50FC80FE1844A4EC00C19ABA /* UIImage+ConvertRGBToGreyScale.m */,
				50FC80FF1844A4EC00C19ABA /* UIImage+ReSizeMethods.h */,
				50FC81001844A4EC00C19ABA /* UIImage+ReSizeMethods.m */,
				50FC81011844A4EC00C19ABA /* UINavigationBar+TitleTextColor.h */,
				50FC81021844A4EC00C19ABA /* UINavigationBar+TitleTextColor.m */,
			);
			path = UI;
			sourceTree = "<group>";
		};
		50FC80F61844A4EC00C19ABA /* UIAlertView&UIActionSheet+Blocks */ = {
			isa = PBXGroup;
			children = (
				50FC80F71844A4EC00C19ABA /* RIButtonItem.h */,
				50FC80F81844A4EC00C19ABA /* RIButtonItem.m */,
				50FC80F91844A4EC00C19ABA /* UIActionSheet+Blocks.h */,
				50FC80FA1844A4EC00C19ABA /* UIActionSheet+Blocks.m */,
				50FC80FB1844A4EC00C19ABA /* UIAlertView+Blocks.h */,
				50FC80FC1844A4EC00C19ABA /* UIAlertView+Blocks.m */,
			);
			path = "UIAlertView&UIActionSheet+Blocks";
			sourceTree = "<group>";
		};
		50FC81031844A4EC00C19ABA /* Classes */ = {
			isa = PBXGroup;
			children = (
				50FC812B1844A62900C19ABA /* FirstTabJViewController.h */,
				50FC812C1844A62900C19ABA /* FirstTabJViewController.m */,
				50FC812E1844A63E00C19ABA /* SecondTabJViewController.h */,
				50FC812F1844A63E00C19ABA /* SecondTabJViewController.m */,
				50CF43D418504F6300C7BE6F /* ThridTab */,
			);
			path = Classes;
			sourceTree = "<group>";
		};
		50FC81041844A4EC00C19ABA /* Constants */ = {
			isa = PBXGroup;
			children = (
				50FC81051844A4EC00C19ABA /* ACMacros.h */,
				50FC81061844A4EC00C19ABA /* AppConstants.h */,
				50FC81071844A4EC00C19ABA /* AppImport.h */,
			);
			path = Constants;
			sourceTree = "<group>";
		};
		50FC81081844A4EC00C19ABA /* Custom */ = {
			isa = PBXGroup;
			children = (
				50E0C177184867070092FCC0 /* utils */,
				50FC81091844A4EC00C19ABA /* UI */,
			);
			path = Custom;
			sourceTree = "<group>";
		};
		50FC81091844A4EC00C19ABA /* UI */ = {
			isa = PBXGroup;
			children = (
				50FC810A1844A4EC00C19ABA /* BaseViewController */,
				50FC810D1844A4EC00C19ABA /* MBProgressHUDManager */,
			);
			path = UI;
			sourceTree = "<group>";
		};
		50FC810A1844A4EC00C19ABA /* BaseViewController */ = {
			isa = PBXGroup;
			children = (
				50FC810B1844A4EC00C19ABA /* ACBaseViewController.h */,
				50FC810C1844A4EC00C19ABA /* ACBaseViewController.m */,
			);
			path = BaseViewController;
			sourceTree = "<group>";
		};
		50FC810D1844A4EC00C19ABA /* MBProgressHUDManager */ = {
			isa = PBXGroup;
			children = (
				50FC810E1844A4EC00C19ABA /* MBProgressHUDManager.h */,
				50FC810F1844A4EC00C19ABA /* MBProgressHUDManager.m */,
			);
			path = MBProgressHUDManager;
			sourceTree = "<group>";
		};
		50FC81101844A4EC00C19ABA /* Images */ = {
			isa = PBXGroup;
			children = (
				50FC81311844B74F00C19ABA /* tabbar_icons */,
				50FC81111844A4EC00C19ABA /* nav_back.png */,
				50FC81121844A4EC00C19ABA /* nav_back@2x.png */,
			);
			path = Images;
			sourceTree = "<group>";
		};
		50FC81131844A4EC00C19ABA /* ThirdParty */ = {
			isa = PBXGroup;
			children = (
				50FC81141844A4EC00C19ABA /* UI */,
			);
			path = ThirdParty;
			sourceTree = "<group>";
		};
		50FC81141844A4EC00C19ABA /* UI */ = {
			isa = PBXGroup;
			children = (
				50FC81151844A4EC00C19ABA /* MBProgressHUD */,
				50FC81181844A4EC00C19ABA /* UIPlaceHolderTextField */,
				50FC811B1844A4EC00C19ABA /* UIPlaceHolderTextView */,
			);
			path = UI;
			sourceTree = "<group>";
		};
		50FC81151844A4EC00C19ABA /* MBProgressHUD */ = {
			isa = PBXGroup;
			children = (
				50FC81161844A4EC00C19ABA /* MBProgressHUD.h */,
				50FC81171844A4EC00C19ABA /* MBProgressHUD.m */,
			);
			path = MBProgressHUD;
			sourceTree = "<group>";
		};
		50FC81181844A4EC00C19ABA /* UIPlaceHolderTextField */ = {
			isa = PBXGroup;
			children = (
				50FC81191844A4EC00C19ABA /* UIPlaceHolderTextField.h */,
				50FC811A1844A4EC00C19ABA /* UIPlaceHolderTextField.m */,
			);
			path = UIPlaceHolderTextField;
			sourceTree = "<group>";
		};
		50FC811B1844A4EC00C19ABA /* UIPlaceHolderTextView */ = {
			isa = PBXGroup;
			children = (
				50FC811C1844A4EC00C19ABA /* UIPlaceHolderTextView.h */,
				50FC811D1844A4EC00C19ABA /* UIPlaceHolderTextView.m */,
			);
			path = UIPlaceHolderTextView;
			sourceTree = "<group>";
		};
		50FC81311844B74F00C19ABA /* tabbar_icons */ = {
			isa = PBXGroup;
			children = (
				50FC81321844B74F00C19ABA /* bubble.png */,
				50FC81331844B74F00C19ABA /* bubble@2x.png */,
				50FC81341844B74F00C19ABA /* cloud-download.png */,
				50FC81351844B74F00C19ABA /* cloud-download@2x.png */,
				50FC81361844B74F00C19ABA /* settings1.png */,
				50FC81371844B74F00C19ABA /* settings1@2x.png */,
			);
			path = tabbar_icons;
			sourceTree = "<group>";
		};
/* End PBXGroup section */

/* Begin PBXNativeTarget section */
		50FC80C11844A47700C19ABA /* Layout_TabBar_Demo */ = {
			isa = PBXNativeTarget;
			buildConfigurationList = 50FC80EE1844A47700C19ABA /* Build configuration list for PBXNativeTarget "Layout_TabBar_Demo" */;
			buildPhases = (
				50FC80BE1844A47700C19ABA /* Sources */,
				50FC80BF1844A47700C19ABA /* Frameworks */,
				50FC80C01844A47700C19ABA /* Resources */,
			);
			buildRules = (
			);
			dependencies = (
			);
			name = Layout_TabBar_Demo;
			productName = Layout_TabBar_Demo;
			productReference = 50FC80C21844A47700C19ABA /* Layout_TabBar_Demo.app */;
			productType = "com.apple.product-type.application";
		};
		50FC80DC1844A47700C19ABA /* Layout_TabBar_DemoTests */ = {
			isa = PBXNativeTarget;
			buildConfigurationList = 50FC80F11844A47700C19ABA /* Build configuration list for PBXNativeTarget "Layout_TabBar_DemoTests" */;
			buildPhases = (
				50FC80D91844A47700C19ABA /* Sources */,
				50FC80DA1844A47700C19ABA /* Frameworks */,
				50FC80DB1844A47700C19ABA /* Resources */,
			);
			buildRules = (
			);
			dependencies = (
				50FC80E31844A47700C19ABA /* PBXTargetDependency */,
			);
			name = Layout_TabBar_DemoTests;
			productName = Layout_TabBar_DemoTests;
			productReference = 50FC80DD1844A47700C19ABA /* Layout_TabBar_DemoTests.xctest */;
			productType = "com.apple.product-type.bundle.unit-test";
		};
/* End PBXNativeTarget section */

/* Begin PBXProject section */
		50FC80BA1844A47700C19ABA /* Project object */ = {
			isa = PBXProject;
			attributes = {
				LastUpgradeCheck = 0500;
				ORGANIZATIONNAME = "Albert Chu";
				TargetAttributes = {
					50FC80DC1844A47700C19ABA = {
						TestTargetID = 50FC80C11844A47700C19ABA;
					};
				};
			};
			buildConfigurationList = 50FC80BD1844A47700C19ABA /* Build configuration list for PBXProject "Layout_TabBar_Demo" */;
			compatibilityVersion = "Xcode 3.2";
			developmentRegion = English;
			hasScannedForEncodings = 0;
			knownRegions = (
				en,
			);
			mainGroup = 50FC80B91844A47700C19ABA;
			productRefGroup = 50FC80C31844A47700C19ABA /* Products */;
			projectDirPath = "";
			projectRoot = "";
			targets = (
				50FC80C11844A47700C19ABA /* Layout_TabBar_Demo */,
				50FC80DC1844A47700C19ABA /* Layout_TabBar_DemoTests */,
			);
		};
/* End PBXProject section */

/* Begin PBXResourcesBuildPhase section */
		50FC80C01844A47700C19ABA /* Resources */ = {
			isa = PBXResourcesBuildPhase;
			buildActionMask = 2147483647;
			files = (
				50FC813C1844B74F00C19ABA /* settings1.png in Resources */,
				50FC81391844B74F00C19ABA /* bubble@2x.png in Resources */,
				50FC80D01844A47700C19ABA /* InfoPlist.strings in Resources */,
				50FC81271844A4EC00C19ABA /* nav_back@2x.png in Resources */,
				50CF43D918504F6300C7BE6F /* ThridTabDataSource_testTableView.json in Resources */,
				50FC81381844B74F00C19ABA /* bubble.png in Resources */,
				50FC813A1844B74F00C19ABA /* cloud-download.png in Resources */,
				50FC81261844A4EC00C19ABA /* nav_back.png in Resources */,
				50FC813B1844B74F00C19ABA /* cloud-download@2x.png in Resources */,
				50FC80D81844A47700C19ABA /* Images.xcassets in Resources */,
				50FC813D1844B74F00C19ABA /* settings1@2x.png in Resources */,
			);
			runOnlyForDeploymentPostprocessing = 0;
		};
		50FC80DB1844A47700C19ABA /* Resources */ = {
			isa = PBXResourcesBuildPhase;
			buildActionMask = 2147483647;
			files = (
				50FC80E91844A47700C19ABA /* InfoPlist.strings in Resources */,
			);
			runOnlyForDeploymentPostprocessing = 0;
		};
/* End PBXResourcesBuildPhase section */

/* Begin PBXSourcesBuildPhase section */
		50FC80BE1844A47700C19ABA /* Sources */ = {
			isa = PBXSourcesBuildPhase;
			buildActionMask = 2147483647;
			files = (
				50FC811E1844A4EC00C19ABA /* RIButtonItem.m in Sources */,
				50FC81251844A4EC00C19ABA /* MBProgressHUDManager.m in Sources */,
				50FC80D61844A47700C19ABA /* AppDelegate.m in Sources */,
				50CF43E21850521000C7BE6F /* Settings03JViewController.m in Sources */,
				50FC81211844A4EC00C19ABA /* UIImage+ConvertRGBToGreyScale.m in Sources */,
				50CF43DF1850520300C7BE6F /* Settings02JViewController.m in Sources */,
				50FC81281844A4EC00C19ABA /* MBProgressHUD.m in Sources */,
				50FC81201844A4EC00C19ABA /* UIAlertView+Blocks.m in Sources */,
				50FC812A1844A4EC00C19ABA /* UIPlaceHolderTextView.m in Sources */,
				50CF43DC185051E000C7BE6F /* Settings01JViewController.m in Sources */,
				50FC80D21844A47700C19ABA /* main.m in Sources */,
				50FC811F1844A4EC00C19ABA /* UIActionSheet+Blocks.m in Sources */,
				50FC81231844A4EC00C19ABA /* UINavigationBar+TitleTextColor.m in Sources */,
				50E0C17A184867430092FCC0 /* ACJSONKit.m in Sources */,
				50FC81301844A63E00C19ABA /* SecondTabJViewController.m in Sources */,
				50CF43D818504F6300C7BE6F /* ThirdTabJViewController.m in Sources */,
				50FC81291844A4EC00C19ABA /* UIPlaceHolderTextField.m in Sources */,
				50FC81241844A4EC00C19ABA /* ACBaseViewController.m in Sources */,
				50FC812D1844A62900C19ABA /* FirstTabJViewController.m in Sources */,
				50FC81221844A4EC00C19ABA /* UIImage+ReSizeMethods.m in Sources */,
			);
			runOnlyForDeploymentPostprocessing = 0;
		};
		50FC80D91844A47700C19ABA /* Sources */ = {
			isa = PBXSourcesBuildPhase;
			buildActionMask = 2147483647;
			files = (
				50E0C17B184867430092FCC0 /* ACJSONKit.m in Sources */,
				50FC80EB1844A47700C19ABA /* Layout_TabBar_DemoTests.m in Sources */,
			);
			runOnlyForDeploymentPostprocessing = 0;
		};
/* End PBXSourcesBuildPhase section */

/* Begin PBXTargetDependency section */
		50FC80E31844A47700C19ABA /* PBXTargetDependency */ = {
			isa = PBXTargetDependency;
			target = 50FC80C11844A47700C19ABA /* Layout_TabBar_Demo */;
			targetProxy = 50FC80E21844A47700C19ABA /* PBXContainerItemProxy */;
		};
/* End PBXTargetDependency section */

/* Begin PBXVariantGroup section */
		50FC80CE1844A47700C19ABA /* InfoPlist.strings */ = {
			isa = PBXVariantGroup;
			children = (
				50FC80CF1844A47700C19ABA /* en */,
			);
			name = InfoPlist.strings;
			sourceTree = "<group>";
		};
		50FC80E71844A47700C19ABA /* InfoPlist.strings */ = {
			isa = PBXVariantGroup;
			children = (
				50FC80E81844A47700C19ABA /* en */,
			);
			name = InfoPlist.strings;
			sourceTree = "<group>";
		};
/* End PBXVariantGroup section */

/* Begin XCBuildConfiguration section */
		50FC80EC1844A47700C19ABA /* Debug */ = {
			isa = XCBuildConfiguration;
			buildSettings = {
				ALWAYS_SEARCH_USER_PATHS = NO;
				ARCHS = "$(ARCHS_STANDARD_INCLUDING_64_BIT)";
				CLANG_CXX_LANGUAGE_STANDARD = "gnu++0x";
				CLANG_CXX_LIBRARY = "libc++";
				CLANG_ENABLE_MODULES = YES;
				CLANG_ENABLE_OBJC_ARC = YES;
				CLANG_WARN_BOOL_CONVERSION = YES;
				CLANG_WARN_CONSTANT_CONVERSION = YES;
				CLANG_WARN_DIRECT_OBJC_ISA_USAGE = YES_ERROR;
				CLANG_WARN_EMPTY_BODY = YES;
				CLANG_WARN_ENUM_CONVERSION = YES;
				CLANG_WARN_INT_CONVERSION = YES;
				CLANG_WARN_OBJC_ROOT_CLASS = YES_ERROR;
				CLANG_WARN__DUPLICATE_METHOD_MATCH = YES;
				"CODE_SIGN_IDENTITY[sdk=iphoneos*]" = "iPhone Developer";
				COPY_PHASE_STRIP = NO;
				GCC_C_LANGUAGE_STANDARD = gnu99;
				GCC_DYNAMIC_NO_PIC = NO;
				GCC_OPTIMIZATION_LEVEL = 0;
				GCC_PREPROCESSOR_DEFINITIONS = (
					"DEBUG=1",
					"$(inherited)",
				);
				GCC_SYMBOLS_PRIVATE_EXTERN = NO;
				GCC_WARN_64_TO_32_BIT_CONVERSION = YES;
				GCC_WARN_ABOUT_RETURN_TYPE = YES_ERROR;
				GCC_WARN_UNDECLARED_SELECTOR = YES;
				GCC_WARN_UNINITIALIZED_AUTOS = YES;
				GCC_WARN_UNUSED_FUNCTION = YES;
				GCC_WARN_UNUSED_VARIABLE = YES;
				IPHONEOS_DEPLOYMENT_TARGET = 7.0;
				ONLY_ACTIVE_ARCH = YES;
				SDKROOT = iphoneos;
			};
			name = Debug;
		};
		50FC80ED1844A47700C19ABA /* Release */ = {
			isa = XCBuildConfiguration;
			buildSettings = {
				ALWAYS_SEARCH_USER_PATHS = NO;
				ARCHS = "$(ARCHS_STANDARD_INCLUDING_64_BIT)";
				CLANG_CXX_LANGUAGE_STANDARD = "gnu++0x";
				CLANG_CXX_LIBRARY = "libc++";
				CLANG_ENABLE_MODULES = YES;
				CLANG_ENABLE_OBJC_ARC = YES;
				CLANG_WARN_BOOL_CONVERSION = YES;
				CLANG_WARN_CONSTANT_CONVERSION = YES;
				CLANG_WARN_DIRECT_OBJC_ISA_USAGE = YES_ERROR;
				CLANG_WARN_EMPTY_BODY = YES;
				CLANG_WARN_ENUM_CONVERSION = YES;
				CLANG_WARN_INT_CONVERSION = YES;
				CLANG_WARN_OBJC_ROOT_CLASS = YES_ERROR;
				CLANG_WARN__DUPLICATE_METHOD_MATCH = YES;
				"CODE_SIGN_IDENTITY[sdk=iphoneos*]" = "iPhone Developer";
				COPY_PHASE_STRIP = YES;
				ENABLE_NS_ASSERTIONS = NO;
				GCC_C_LANGUAGE_STANDARD = gnu99;
				GCC_WARN_64_TO_32_BIT_CONVERSION = YES;
				GCC_WARN_ABOUT_RETURN_TYPE = YES_ERROR;
				GCC_WARN_UNDECLARED_SELECTOR = YES;
				GCC_WARN_UNINITIALIZED_AUTOS = YES;
				GCC_WARN_UNUSED_FUNCTION = YES;
				GCC_WARN_UNUSED_VARIABLE = YES;
				IPHONEOS_DEPLOYMENT_TARGET = 7.0;
				SDKROOT = iphoneos;
				VALIDATE_PRODUCT = YES;
			};
			name = Release;
		};
		50FC80EF1844A47700C19ABA /* Debug */ = {
			isa = XCBuildConfiguration;
			buildSettings = {
				ASSETCATALOG_COMPILER_APPICON_NAME = AppIcon;
				ASSETCATALOG_COMPILER_LAUNCHIMAGE_NAME = LaunchImage;
				GCC_PRECOMPILE_PREFIX_HEADER = YES;
				GCC_PREFIX_HEADER = "Layout_TabBar_Demo/Layout_TabBar_Demo-Prefix.pch";
				INFOPLIST_FILE = "Layout_TabBar_Demo/Layout_TabBar_Demo-Info.plist";
				PRODUCT_NAME = "$(TARGET_NAME)";
				WRAPPER_EXTENSION = app;
			};
			name = Debug;
		};
		50FC80F01844A47700C19ABA /* Release */ = {
			isa = XCBuildConfiguration;
			buildSettings = {
				ASSETCATALOG_COMPILER_APPICON_NAME = AppIcon;
				ASSETCATALOG_COMPILER_LAUNCHIMAGE_NAME = LaunchImage;
				GCC_PRECOMPILE_PREFIX_HEADER = YES;
				GCC_PREFIX_HEADER = "Layout_TabBar_Demo/Layout_TabBar_Demo-Prefix.pch";
				INFOPLIST_FILE = "Layout_TabBar_Demo/Layout_TabBar_Demo-Info.plist";
				PRODUCT_NAME = "$(TARGET_NAME)";
				WRAPPER_EXTENSION = app;
			};
			name = Release;
		};
		50FC80F21844A47700C19ABA /* Debug */ = {
			isa = XCBuildConfiguration;
			buildSettings = {
				ARCHS = "$(ARCHS_STANDARD_INCLUDING_64_BIT)";
				BUNDLE_LOADER = "$(BUILT_PRODUCTS_DIR)/Layout_TabBar_Demo.app/Layout_TabBar_Demo";
				FRAMEWORK_SEARCH_PATHS = (
					"$(SDKROOT)/Developer/Library/Frameworks",
					"$(inherited)",
					"$(DEVELOPER_FRAMEWORKS_DIR)",
				);
				GCC_PRECOMPILE_PREFIX_HEADER = YES;
				GCC_PREFIX_HEADER = "Layout_TabBar_Demo/Layout_TabBar_Demo-Prefix.pch";
				GCC_PREPROCESSOR_DEFINITIONS = (
					"DEBUG=1",
					"$(inherited)",
				);
				INFOPLIST_FILE = "Layout_TabBar_DemoTests/Layout_TabBar_DemoTests-Info.plist";
				PRODUCT_NAME = "$(TARGET_NAME)";
				TEST_HOST = "$(BUNDLE_LOADER)";
				WRAPPER_EXTENSION = xctest;
			};
			name = Debug;
		};
		50FC80F31844A47700C19ABA /* Release */ = {
			isa = XCBuildConfiguration;
			buildSettings = {
				ARCHS = "$(ARCHS_STANDARD_INCLUDING_64_BIT)";
				BUNDLE_LOADER = "$(BUILT_PRODUCTS_DIR)/Layout_TabBar_Demo.app/Layout_TabBar_Demo";
				FRAMEWORK_SEARCH_PATHS = (
					"$(SDKROOT)/Developer/Library/Frameworks",
					"$(inherited)",
					"$(DEVELOPER_FRAMEWORKS_DIR)",
				);
				GCC_PRECOMPILE_PREFIX_HEADER = YES;
				GCC_PREFIX_HEADER = "Layout_TabBar_Demo/Layout_TabBar_Demo-Prefix.pch";
				INFOPLIST_FILE = "Layout_TabBar_DemoTests/Layout_TabBar_DemoTests-Info.plist";
				PRODUCT_NAME = "$(TARGET_NAME)";
				TEST_HOST = "$(BUNDLE_LOADER)";
				WRAPPER_EXTENSION = xctest;
			};
			name = Release;
		};
/* End XCBuildConfiguration section */

/* Begin XCConfigurationList section */
		50FC80BD1844A47700C19ABA /* Build configuration list for PBXProject "Layout_TabBar_Demo" */ = {
			isa = XCConfigurationList;
			buildConfigurations = (
				50FC80EC1844A47700C19ABA /* Debug */,
				50FC80ED1844A47700C19ABA /* Release */,
			);
			defaultConfigurationIsVisible = 0;
			defaultConfigurationName = Release;
		};
		50FC80EE1844A47700C19ABA /* Build configuration list for PBXNativeTarget "Layout_TabBar_Demo" */ = {
			isa = XCConfigurationList;
			buildConfigurations = (
				50FC80EF1844A47700C19ABA /* Debug */,
				50FC80F01844A47700C19ABA /* Release */,
			);
			defaultConfigurationIsVisible = 0;
			defaultConfigurationName = Release;
		};
		50FC80F11844A47700C19ABA /* Build configuration list for PBXNativeTarget "Layout_TabBar_DemoTests" */ = {
			isa = XCConfigurationList;
			buildConfigurations = (
				50FC80F21844A47700C19ABA /* Debug */,
				50FC80F31844A47700C19ABA /* Release */,
			);
			defaultConfigurationIsVisible = 0;
			defaultConfigurationName = Release;
		};
/* End XCConfigurationList section */
	};
	rootObject = 50FC80BA1844A47700C19ABA /* Project object */;
}
